
Microsoft Visual Studio Solution File, Format Version 12.00
# Visual Studio Version 17
VisualStudioVersion = 17.0.31903.59
MinimumVisualStudioVersion = 10.0.40219.1
Project("{FAE04EC0-301F-11D3-BF4B-00C04F79EFBC}") = "RedditProjekt", "RedditProjekt\RedditProjekt.csproj", "{6F62828E-1189-47D7-981D-7E78967926F5}"
EndProject
Project("{FAE04EC0-301F-11D3-BF4B-00C04F79EFBC}") = "shared", "shared\shared.csproj", "{E73520B3-0C2B-49AF-9561-0359C9CF712C}"
EndProject
Project("{FAE04EC0-301F-11D3-BF4B-00C04F79EFBC}") = "kreddit-app", "kreddit-app\kreddit-app.csproj", "{5A9CD1AE-2C9C-41D0-95D4-3E1D35F8C26D}"
EndProject
Global
	GlobalSection(SolutionConfigurationPlatforms) = preSolution
		Debug|Any CPU = Debug|Any CPU
		Debug|x64 = Debug|x64
		Debug|x86 = Debug|x86
		Release|Any CPU = Release|Any CPU
		Release|x64 = Release|x64
		Release|x86 = Release|x86
	EndGlobalSection
	GlobalSection(ProjectConfigurationPlatforms) = postSolution
		{6F62828E-1189-47D7-981D-7E78967926F5}.Debug|Any CPU.ActiveCfg = Debug|Any CPU
		{6F62828E-1189-47D7-981D-7E78967926F5}.Debug|Any CPU.Build.0 = Debug|Any CPU
		{6F62828E-1189-47D7-981D-7E78967926F5}.Debug|x64.ActiveCfg = Debug|Any CPU
		{6F62828E-1189-47D7-981D-7E78967926F5}.Debug|x64.Build.0 = Debug|Any CPU
		{6F62828E-1189-47D7-981D-7E78967926F5}.Debug|x86.ActiveCfg = Debug|Any CPU
		{6F62828E-1189-47D7-981D-7E78967926F5}.Debug|x86.Build.0 = Debug|Any CPU
		{6F62828E-1189-47D7-981D-7E78967926F5}.Release|Any CPU.ActiveCfg = Release|Any CPU
		{6F62828E-1189-47D7-981D-7E78967926F5}.Release|Any CPU.Build.0 = Release|Any CPU
		{6F62828E-1189-47D7-981D-7E78967926F5}.Release|x64.ActiveCfg = Release|Any CPU
		{6F62828E-1189-47D7-981D-7E78967926F5}.Release|x64.Build.0 = Release|Any CPU
		{6F62828E-1189-47D7-981D-7E78967926F5}.Release|x86.ActiveCfg = Release|Any CPU
		{6F62828E-1189-47D7-981D-7E78967926F5}.Release|x86.Build.0 = Release|Any CPU
		{E73520B3-0C2B-49AF-9561-0359C9CF712C}.Debug|Any CPU.ActiveCfg = Debug|Any CPU
		{E73520B3-0C2B-49AF-9561-0359C9CF712C}.Debug|Any CPU.Build.0 = Debug|Any CPU
		{E73520B3-0C2B-49AF-9561-0359C9CF712C}.Debug|x64.ActiveCfg = Debug|Any CPU
		{E73520B3-0C2B-49AF-9561-0359C9CF712C}.Debug|x64.Build.0 = Debug|Any CPU
		{E73520B3-0C2B-49AF-9561-0359C9CF712C}.Debug|x86.ActiveCfg = Debug|Any CPU
		{E73520B3-0C2B-49AF-9561-0359C9CF712C}.Debug|x86.Build.0 = Debug|Any CPU
		{E73520B3-0C2B-49AF-9561-0359C9CF712C}.Release|Any CPU.ActiveCfg = Release|Any CPU
		{E73520B3-0C2B-49AF-9561-0359C9CF712C}.Release|Any CPU.Build.0 = Release|Any CPU
		{E73520B3-0C2B-49AF-9561-0359C9CF712C}.Release|x64.ActiveCfg = Release|Any CPU
		{E73520B3-0C2B-49AF-9561-0359C9CF712C}.Release|x64.Build.0 = Release|Any CPU
		{E73520B3-0C2B-49AF-9561-0359C9CF712C}.Release|x86.ActiveCfg = Release|Any CPU
		{E73520B3-0C2B-49AF-9561-0359C9CF712C}.Release|x86.Build.0 = Release|Any CPU
		{5A9CD1AE-2C9C-41D0-95D4-3E1D35F8C26D}.Debug|Any CPU.ActiveCfg = Debug|Any CPU
		{5A9CD1AE-2C9C-41D0-95D4-3E1D35F8C26D}.Debug|Any CPU.Build.0 = Debug|Any CPU
		{5A9CD1AE-2C9C-41D0-95D4-3E1D35F8C26D}.Debug|x64.ActiveCfg = Debug|Any CPU
		{5A9CD1AE-2C9C-41D0-95D4-3E1D35F8C26D}.Debug|x64.Build.0 = Debug|Any CPU
		{5A9CD1AE-2C9C-41D0-95D4-3E1D35F8C26D}.Debug|x86.ActiveCfg = Debug|Any CPU
		{5A9CD1AE-2C9C-41D0-95D4-3E1D35F8C26D}.Debug|x86.Build.0 = Debug|Any CPU
		{5A9CD1AE-2C9C-41D0-95D4-3E1D35F8C26D}.Release|Any CPU.ActiveCfg = Release|Any CPU
		{5A9CD1AE-2C9C-41D0-95D4-3E1D35F8C26D}.Release|Any CPU.Build.0 = Release|Any CPU
		{5A9CD1AE-2C9C-41D0-95D4-3E1D35F8C26D}.Release|x64.ActiveCfg = Release|Any CPU
		{5A9CD1AE-2C9C-41D0-95D4-3E1D35F8C26D}.Release|x64.Build.0 = Release|Any CPU
		{5A9CD1AE-2C9C-41D0-95D4-3E1D35F8C26D}.Release|x86.ActiveCfg = Release|Any CPU
		{5A9CD1AE-2C9C-41D0-95D4-3E1D35F8C26D}.Release|x86.Build.0 = Release|Any CPU
	EndGlobalSection
	GlobalSection(SolutionProperties) = preSolution
		HideSolutionNode = FALSE
	EndGlobalSection
EndGlobal
